Microsoft Visual Studio Solution File, Format Version 12.00
# Visual Studio Version 17
VisualStudioVersion = 17.5.2.0
MinimumVisualStudioVersion = 10.0.40219.1
Project("{FAE04EC0-301F-11D3-BF4B-00C04F79EFBC}") = "CanteenAutomationApi", "CanteenAutomationApi\CanteenAutomationApi.csproj", "{46F1A485-B497-4888-B54E-74EA60D1B73E}"
EndProject
Global
	GlobalSection(SolutionConfigurationPlatforms) = preSolution
		Debug|Any CPU = Debug|Any CPU
		Release|Any CPU = Release|Any CPU
	EndGlobalSection
	GlobalSection(ProjectConfigurationPlatforms) = postSolution
		{46F1A485-B497-4888-B54E-74EA60D1B73E}.Debug|Any CPU.ActiveCfg = Debug|Any CPU
		{46F1A485-B497-4888-B54E-74EA60D1B73E}.Debug|Any CPU.Build.0 = Debug|Any CPU
		{46F1A485-B497-4888-B54E-74EA60D1B73E}.Release|Any CPU.ActiveCfg = Release|Any CPU
		{46F1A485-B497-4888-B54E-74EA60D1B73E}.Release|Any CPU.Build.0 = Release|Any CPU
	EndGlobalSection
	GlobalSection(SolutionProperties) = preSolution
		HideSolutionNode = FALSE
	EndGlobalSection
	GlobalSection(ExtensibilityGlobals) = postSolution
		SolutionGuid = {1C5C8507-15F9-4D63-97D5-075455C36C68}
	EndGlobalSection
EndGlobal
